// !$*UTF8*$!
{
	archiveVersion = 1;
	classes = {
	};
	objectVersion = 77;
	objects = {

/* Begin PBXContainerItemProxy section */
		893ADE552F9EDA2D00C7B13C /* PBXContainerItemProxy */ = {
			isa = PBXContainerItemProxy;
			containerPortal = 893ADE3D2F9EDA2C00C7B13C /* Project object */;
			proxyType = 1;
			remoteGlobalIDString = 893ADE442F9EDA2C00C7B13C;
			remoteInfo = "Georgia Child Support Calculator";
		};
		893ADE5F2F9EDA2D00C7B13C /* PBXContainerItemProxy */ = {
			isa = PBXContainerItemProxy;
			containerPortal = 893ADE3D2F9EDA2C00C7B13C /* Project object */;
			proxyType = 1;
			remoteGlobalIDString = 893ADE442F9EDA2C00C7B13C;
			remoteInfo = "Georgia Child Support Calculator";
		};
/* End PBXContainerItemProxy section */

/* Begin PBXFileReference section */
		893ADE452F9EDA2C00C7B13C /* Georgia Child Support Calculator.app */ = {isa = PBXFileReference; explicitFileType = wrapper.application; includeInIndex = 0; path = "Georgia Child Support Calculator.app"; sourceTree = BUILT_PRODUCTS_DIR; };
		893ADE542F9EDA2D00C7B13C /* Georgia Child Support CalculatorTests.xctest */ = {isa = PBXFileReference; explicitFileType = wrapper.cfbundle; includeInIndex = 0; path = "Georgia Child Support CalculatorTests.xctest"; sourceTree = BUILT_PRODUCTS_DIR; };
		893ADE5E2F9EDA2D00C7B13C /* Georgia Child Support CalculatorUITests.xctest */ = {isa = PBXFileReference; explicitFileType = wrapper.cfbundle; includeInIndex = 0; path = "Georgia Child Support CalculatorUITests.xctest"; sourceTree = BUILT_PRODUCTS_DIR; };
/* End PBXFileReference section */

/* Begin PBXFileSystemSynchronizedRootGroup section */
		893ADE472F9EDA2C00C7B13C /* Georgia Child Support Calculator */ = {
			isa = PBXFileSystemSynchronizedRootGroup;
			path = "Georgia Child Support Calculator";
			sourceTree = "<group>";
		};
		893ADE572F9EDA2D00C7B13C /* Georgia Child Support CalculatorTests */ = {
			isa = PBXFileSystemSynchronizedRootGroup;
			path = "Georgia Child Support CalculatorTests";
			sourceTree = "<group>";
		};
		893ADE612F9EDA2D00C7B13C /* Georgia Child Support CalculatorUITests */ = {
			isa = PBXFileSystemSynchronizedRootGroup;
			path = "Georgia Child Support CalculatorUITests";
			sourceTree = "<group>";
		};
/* End PBXFileSystemSynchronizedRootGroup section */

/* Begin PBXFrameworksBuildPhase section */
		893ADE422F9EDA2C00C7B13C /* Frameworks */ = {
			isa = PBXFrameworksBuildPhase;
			buildActionMask = 2147483647;
			files = (
			);
			runOnlyForDeploymentPostprocessing = 0;
		};
		893ADE512F9EDA2D00C7B13C /* Frameworks */ = {
			isa = PBXFrameworksBuildPhase;
			buildActionMask = 2147483647;
			files = (
			);
			runOnlyForDeploymentPostprocessing = 0;
		};
		893ADE5B2F9EDA2D00C7B13C /* Frameworks */ = {
			isa = PBXFrameworksBuildPhase;
			buildActionMask = 2147483647;
			files = (
			);
			runOnlyForDeploymentPostprocessing = 0;
		};
/* End PBXFrameworksBuildPhase section */

/* Begin PBXGroup section */
		893ADE3C2F9EDA2C00C7B13C = {
			isa = PBXGroup;
			children = (
				893ADE472F9EDA2C00C7B13C /* Georgia Child Support Calculator */,
				893ADE572F9EDA2D00C7B13C /* Georgia Child Support CalculatorTests */,
				893ADE612F9EDA2D00C7B13C /* Georgia Child Support CalculatorUITests */,
				893ADE462F9EDA2C00C7B13C /* Products */,
			);
			sourceTree = "<group>";
		};
		893ADE462F9EDA2C00C7B13C /* Products */ = {
			isa = PBXGroup;
			children = (
				893ADE452F9EDA2C00C7B13C /* Georgia Child Support Calculator.app */,
				893ADE542F9EDA2D00C7B13C /* Georgia Child Support CalculatorTests.xctest */,
				893ADE5E2F9EDA2D00C7B13C /* Georgia Child Support CalculatorUITests.xctest */,
			);
			name = Products;
			sourceTree = "<group>";
		};
/* End PBXGroup section */

/* Begin PBXNativeTarget section */
		893ADE442F9EDA2C00C7B13C /* Georgia Child Support Calculator */ = {
			isa = PBXNativeTarget;
			buildConfigurationList = 893ADE682F9EDA2D00C7B13C /* Build configuration list for PBXNativeTarget "Georgia Child Support Calculator" */;
			buildPhases = (
				893ADE412F9EDA2C00C7B13C /* Sources */,
				893ADE422F9EDA2C00C7B13C /* Frameworks */,
				893ADE432F9EDA2C00C7B13C /* Resources */,
			);
			buildRules = (
			);
			dependencies = (
			);
			fileSystemSynchronizedGroups = (
				893ADE472F9EDA2C00C7B13C /* Georgia Child Support Calculator */,
			);
			name = "Georgia Child Support Calculator";
			packageProductDependencies = (
			);
			productName = "Georgia Child Support Calculator";
			productReference = 893ADE452F9EDA2C00C7B13C /* Georgia Child Support Calculator.app */;
			productType = "com.apple.product-type.application";
		};
		893ADE532F9EDA2D00C7B13C /* Georgia Child Support CalculatorTests */ = {
			isa = PBXNativeTarget;
			buildConfigurationList = 893ADE6B2F9EDA2D00C7B13C /* Build configuration list for PBXNativeTarget "Georgia Child Support CalculatorTests" */;
			buildPhases = (
				893ADE502F9EDA2D00C7B13C /* Sources */,
				893ADE512F9EDA2D00C7B13C /* Frameworks */,
				893ADE522F9EDA2D00C7B13C /* Resources */,
			);
			buildRules = (
			);
			dependencies = (
				893ADE562F9EDA2D00C7B13C /* PBXTargetDependency */,
			);
			fileSystemSynchronizedGroups = (
				893ADE572F9EDA2D00C7B13C /* Georgia Child Support CalculatorTests */,
			);
			name = "Georgia Child Support CalculatorTests";
			packageProductDependencies = (
			);
			productName = "Georgia Child Support CalculatorTests";
			productReference = 893ADE542F9EDA2D00C7B13C /* Georgia Child Support CalculatorTests.xctest */;
			productType = "com.apple.product-type.bundle.unit-test";
		};
		893ADE5D2F9EDA2D00C7B13C /* Georgia Child Support CalculatorUITests */ = {
			isa = PBXNativeTarget;
			buildConfigurationList = 893ADE6E2F9EDA2D00C7B13C /* Build configuration list for PBXNativeTarget "Georgia Child Support CalculatorUITests" */;
			buildPhases = (
				893ADE5A2F9EDA2D00C7B13C /* Sources */,
				893ADE5B2F9EDA2D00C7B13C /* Frameworks */,
				893ADE5C2F9EDA2D00C7B13C /* Resources */,
			);
			buildRules = (
			);
			dependencies = (
				893ADE602F9EDA2D00C7B13C /* PBXTargetDependency */,
			);
			fileSystemSynchronizedGroups = (
				893ADE612F9EDA2D00C7B13C /* Georgia Child Support CalculatorUITests */,
			);
			name = "Georgia Child Support CalculatorUITests";
			packageProductDependencies = (
			);
			productName = "Georgia Child Support CalculatorUITests";
			productReference = 893ADE5E2F9EDA2D00C7B13C /* Georgia Child Support CalculatorUITests.xctest */;
			productType = "com.apple.product-type.bundle.ui-testing";
		};
/* End PBXNativeTarget section */

/* Begin PBXProject section */
		893ADE3D2F9EDA2C00C7B13C /* Project object */ = {
			isa = PBXProject;
			attributes = {
				BuildIndependentTargetsInParallel = 1;
				LastSwiftUpdateCheck = 2640;
				LastUpgradeCheck = 2640;
				TargetAttributes = {
					893ADE442F9EDA2C00C7B13C = {
						CreatedOnToolsVersion = 26.4.1;
					};
					893ADE532F9EDA2D00C7B13C = {
						CreatedOnToolsVersion = 26.4.1;
						TestTargetID = 893ADE442F9EDA2C00C7B13C;
					};
					893ADE5D2F9EDA2D00C7B13C = {
						CreatedOnToolsVersion = 26.4.1;
						TestTargetID = 893ADE442F9EDA2C00C7B13C;
					};
				};
			};
			buildConfigurationList = 893ADE402F9EDA2C00C7B13C /* Build configuration list for PBXProject "Georgia Child Support Calculator" */;
			developmentRegion = en;
			hasScannedForEncodings = 0;
			knownRegions = (
				en,
				Base,
			);
			mainGroup = 893ADE3C2F9EDA2C00C7B13C;
			minimizedProjectReferenceProxies = 1;
			preferredProjectObjectVersion = 77;
			productRefGroup = 893ADE462F9EDA2C00C7B13C /* Products */;
			projectDirPath = "";
			projectRoot = "";
			targets = (
				893ADE442F9EDA2C00C7B13C /* Georgia Child Support Calculator */,
				893ADE532F9EDA2D00C7B13C /* Georgia Child Support CalculatorTests */,
				893ADE5D2F9EDA2D00C7B13C /* Georgia Child Support CalculatorUITests */,
			);
		};
/* End PBXProject section */

/* Begin PBXResourcesBuildPhase section */
		893ADE432F9EDA2C00C7B13C /* Resources */ = {
			isa = PBXResourcesBuildPhase;
			buildActionMask = 2147483647;
			files = (
			);
			runOnlyForDeploymentPostprocessing = 0;
		};
		893ADE522F9EDA2D00C7B13C /* Resources */ = {
			isa = PBXResourcesBuildPhase;
			buildActionMask = 2147483647;
			files = (
			);
			runOnlyForDeploymentPostprocessing = 0;
		};
		893ADE5C2F9EDA2D00C7B13C /* Resources */ = {
			isa = PBXResourcesBuildPhase;
			buildActionMask = 2147483647;
			files = (
			);
			runOnlyForDeploymentPostprocessing = 0;
		};
/* End PBXResourcesBuildPhase section */

/* Begin PBXSourcesBuildPhase section */
		893ADE412F9EDA2C00C7B13C /* Sources */ = {
			isa = PBXSourcesBuildPhase;
			buildActionMask = 2147483647;
			files = (
			);
			runOnlyForDeploymentPostprocessing = 0;
		};
		893ADE502F9EDA2D00C7B13C /* Sources */ = {
			isa = PBXSourcesBuildPhase;
			buildActionMask = 2147483647;
			files = (
			);
			runOnlyForDeploymentPostprocessing = 0;
		};
		893ADE5A2F9EDA2D00C7B13C /* Sources */ = {
			isa = PBXSourcesBuildPhase;
			buildActionMask = 2147483647;
			files = (
			);
			runOnlyForDeploymentPostprocessing = 0;
		};
/* End PBXSourcesBuildPhase section */

/* Begin PBXTargetDependency section */
		893ADE562F9EDA2D00C7B13C /* PBXTargetDependency */ = {
			isa = PBXTargetDependency;
			target = 893ADE442F9EDA2C00C7B13C /* Georgia Child Support Calculator */;
			targetProxy = 893ADE552F9EDA2D00C7B13C /* PBXContainerItemProxy */;
		};
		893ADE602F9EDA2D00C7B13C /* PBXTargetDependency */ = {
			isa = PBXTargetDependency;
			target = 893ADE442F9EDA2C00C7B13C /* Georgia Child Support Calculator */;
			targetProxy = 893ADE5F2F9EDA2D00C7B13C /* PBXContainerItemProxy */;
		};
/* End PBXTargetDependency section */

/* Begin XCBuildConfiguration section */
		893ADE662F9EDA2D00C7B13C /* Debug */ = {
			isa = XCBuildConfiguration;
			buildSettings = {
				ALWAYS_SEARCH_USER_PATHS = NO;
				ASSETCATALOG_COMPILER_GENERATE_SWIFT_ASSET_SYMBOL_EXTENSIONS = YES;
				CLANG_ANALYZER_NONNULL = YES;
				CLANG_ANALYZER_NUMBER_OBJECT_CONVERSION = YES_AGGRESSIVE;
				CLANG_CXX_LANGUAGE_STANDARD = "gnu++20";
				CLANG_ENABLE_MODULES = YES;
				CLANG_ENABLE_OBJC_ARC = YES;
				CLANG_ENABLE_OBJC_WEAK = YES;
				CLANG_WARN_BLOCK_CAPTURE_AUTORELEASING = YES;
				CLANG_WARN_BOOL_CONVERSION = YES;
				CLANG_WARN_COMMA = YES;
				CLANG_WARN_CONSTANT_CONVERSION = YES;
				CLANG_WARN_DEPRECATED_OBJC_IMPLEMENTATIONS = YES;
				CLANG_WARN_DIRECT_OBJC_ISA_USAGE = YES_ERROR;
				CLANG_WARN_DOCUMENTATION_COMMENTS = YES;
				CLANG_WARN_EMPTY_BODY = YES;
				CLANG_WARN_ENUM_CONVERSION = YES;
				CLANG_WARN_INFINITE_RECURSION = YES;
				CLANG_WARN_INT_CONVERSION = YES;
				CLANG_WARN_NON_LITERAL_NULL_CONVERSION = YES;
				CLANG_WARN_OBJC_IMPLICIT_RETAIN_SELF = YES;
				CLANG_WARN_OBJC_LITERAL_CONVERSION = YES;
				CLANG_WARN_OBJC_ROOT_CLASS = YES_ERROR;
				CLANG_WARN_QUOTED_INCLUDE_IN_FRAMEWORK_HEADER = YES;
				CLANG_WARN_RANGE_LOOP_ANALYSIS = YES;
				CLANG_WARN_STRICT_PROTOTYPES = YES;
				CLANG_WARN_SUSPICIOUS_MOVE = YES;
				CLANG_WARN_UNGUARDED_AVAILABILITY = YES_AGGRESSIVE;
				CLANG_WARN_UNREACHABLE_CODE = YES;
				CLANG_WARN__DUPLICATE_METHOD_MATCH = YES;
				COPY_PHASE_STRIP = NO;
				DEBUG_INFORMATION_FORMAT = dwarf;
				DEVELOPMENT_TEAM = 9J9T6457HV;
				ENABLE_STRICT_OBJC_MSGSEND = YES;
				ENABLE_TESTABILITY = YES;
				ENABLE_USER_SCRIPT_SANDBOXING = YES;
				GCC_C_LANGUAGE_STANDARD = gnu17;
				GCC_DYNAMIC_NO_PIC = NO;
				GCC_NO_COMMON_BLOCKS = YES;
				GCC_OPTIMIZATION_LEVEL = 0;
				GCC_PREPROCESSOR_DEFINITIONS = (
					"DEBUG=1",
					"$(inherited)",
				);
				GCC_WARN_64_TO_32_BIT_CONVERSION = YES;
				GCC_WARN_ABOUT_RETURN_TYPE = YES_ERROR;
				GCC_WARN_UNDECLARED_SELECTOR = YES;
				GCC_WARN_UNINITIALIZED_AUTOS = YES_AGGRESSIVE;
				GCC_WARN_UNUSED_FUNCTION = YES;
				GCC_WARN_UNUSED_VARIABLE = YES;
				IPHONEOS_DEPLOYMENT_TARGET = 26.4;
				LOCALIZATION_PREFERS_STRING_CATALOGS = YES;
				MTL_ENABLE_DEBUG_INFO = INCLUDE_SOURCE;
				MTL_FAST_MATH = YES;
				ONLY_ACTIVE_ARCH = YES;
				SDKROOT = iphoneos;
				SWIFT_ACTIVE_COMPILATION_CONDITIONS = "DEBUG $(inherited)";
				SWIFT_OPTIMIZATION_LEVEL = "-Onone";
			};
			name = Debug;
		};
		893ADE672F9EDA2D00C7B13C /* Release */ = {
			isa = XCBuildConfiguration;
			buildSettings = {
				ALWAYS_SEARCH_USER_PATHS = NO;
				ASSETCATALOG_COMPILER_GENERATE_SWIFT_ASSET_SYMBOL_EXTENSIONS = YES;
				CLANG_ANALYZER_NONNULL = YES;
				CLANG_ANALYZER_NUMBER_OBJECT_CONVERSION = YES_AGGRESSIVE;
				CLANG_CXX_LANGUAGE_STANDARD = "gnu++20";
				CLANG_ENABLE_MODULES = YES;
				CLANG_ENABLE_OBJC_ARC = YES;
				CLANG_ENABLE_OBJC_WEAK = YES;
				CLANG_WARN_BLOCK_CAPTURE_AUTORELEASING = YES;
				CLANG_WARN_BOOL_CONVERSION = YES;
				CLANG_WARN_COMMA = YES;
				CLANG_WARN_CONSTANT_CONVERSION = YES;
				CLANG_WARN_DEPRECATED_OBJC_IMPLEMENTATIONS = YES;
				CLANG_WARN_DIRECT_OBJC_ISA_USAGE = YES_ERROR;
				CLANG_WARN_DOCUMENTATION_COMMENTS = YES;
				CLANG_WARN_EMPTY_BODY = YES;
				CLANG_WARN_ENUM_CONVERSION = YES;
				CLANG_WARN_INFINITE_RECURSION = YES;
				CLANG_WARN_INT_CONVERSION = YES;
				CLANG_WARN_NON_LITERAL_NULL_CONVERSION = YES;
				CLANG_WARN_OBJC_IMPLICIT_RETAIN_SELF = YES;
				CLANG_WARN_OBJC_LITERAL_CONVERSION = YES;
				CLANG_WARN_OBJC_ROOT_CLASS = YES_ERROR;
				CLANG_WARN_QUOTED_INCLUDE_IN_FRAMEWORK_HEADER = YES;
				CLANG_WARN_RANGE_LOOP_ANALYSIS = YES;
				CLANG_WARN_STRICT_PROTOTYPES = YES;
				CLANG_WARN_SUSPICIOUS_MOVE = YES;
				CLANG_WARN_UNGUARDED_AVAILABILITY = YES_AGGRESSIVE;
				CLANG_WARN_UNREACHABLE_CODE = YES;
				CLANG_WARN__DUPLICATE_METHOD_MATCH = YES;
				COPY_PHASE_STRIP = NO;
				DEBUG_INFORMATION_FORMAT = "dwarf-with-dsym";
				DEVELOPMENT_TEAM = 9J9T6457HV;
				ENABLE_NS_ASSERTIONS = NO;
				ENABLE_STRICT_OBJC_MSGSEND = YES;
				ENABLE_USER_SCRIPT_SANDBOXING = YES;
				GCC_C_LANGUAGE_STANDARD = gnu17;
				GCC_NO_COMMON_BLOCKS = YES;
				GCC_WARN_64_TO_32_BIT_CONVERSION = YES;
				GCC_WARN_ABOUT_RETURN_TYPE = YES_ERROR;
				GCC_WARN_UNDECLARED_SELECTOR = YES;
				GCC_WARN_UNINITIALIZED_AUTOS = YES_AGGRESSIVE;
				GCC_WARN_UNUSED_FUNCTION = YES;
				GCC_WARN_UNUSED_VARIABLE = YES;
				IPHONEOS_DEPLOYMENT_TARGET = 26.4;
				LOCALIZATION_PREFERS_STRING_CATALOGS = YES;
				MTL_ENABLE_DEBUG_INFO = NO;
				MTL_FAST_MATH = YES;
				SDKROOT = iphoneos;
				SWIFT_COMPILATION_MODE = wholemodule;
				VALIDATE_PRODUCT = YES;
			};
			name = Release;
		};
		893ADE692F9EDA2D00C7B13C /* Debug */ = {
			isa = XCBuildConfiguration;
			buildSettings = {
				ASSETCATALOG_COMPILER_APPICON_NAME = AppIcon;
				ASSETCATALOG_COMPILER_GLOBAL_ACCENT_COLOR_NAME = AccentColor;
				CODE_SIGN_STYLE = Automatic;
				CURRENT_PROJECT_VERSION = 1;
				DEVELOPMENT_TEAM = 9J9T6457HV;
				ENABLE_PREVIEWS = YES;
				GENERATE_INFOPLIST_FILE = YES;
				INFOPLIST_KEY_UIApplicationSceneManifest_Generation = YES;
				INFOPLIST_KEY_UIApplicationSupportsIndirectInputEvents = YES;
				INFOPLIST_KEY_UILaunchScreen_Generation = YES;
				INFOPLIST_KEY_UISupportedInterfaceOrientations_iPad = "UIInterfaceOrientationPortrait UIInterfaceOrientationPortraitUpsideDown UIInterfaceOrientationLandscapeLeft UIInterfaceOrientationLandscapeRight";
				INFOPLIST_KEY_UISupportedInterfaceOrientations_iPhone = "UIInterfaceOrientationPortrait UIInterfaceOrientationLandscapeLeft UIInterfaceOrientationLandscapeRight";
				LD_RUNPATH_SEARCH_PATHS = (
					"$(inherited)",
					"@executable_path/Frameworks",
				);
				MARKETING_VERSION = 1.0;
				PRODUCT_BUNDLE_IDENTIFIER = "com.sepoysoftware.Georgia-Child-Support-Calculator";
				PRODUCT_NAME = "$(TARGET_NAME)";
				STRING_CATALOG_GENERATE_SYMBOLS = YES;
				SWIFT_APPROACHABLE_CONCURRENCY = YES;
				SWIFT_DEFAULT_ACTOR_ISOLATION = MainActor;
				SWIFT_EMIT_LOC_STRINGS = YES;
				SWIFT_UPCOMING_FEATURE_MEMBER_IMPORT_VISIBILITY = YES;
				SWIFT_VERSION = 5.0;
				TARGETED_DEVICE_FAMILY = "1,2";
			};
			name = Debug;
		};
		893ADE6A2F9EDA2D00C7B13C /* Release */ = {
			isa = XCBuildConfiguration;
			buildSettings = {
				ASSETCATALOG_COMPILER_APPICON_NAME = AppIcon;
				ASSETCATALOG_COMPILER_GLOBAL_ACCENT_COLOR_NAME = AccentColor;
				CODE_SIGN_STYLE = Automatic;
				CURRENT_PROJECT_VERSION = 1;
				DEVELOPMENT_TEAM = 9J9T6457HV;
				ENABLE_PREVIEWS = YES;
				GENERATE_INFOPLIST_FILE = YES;
				INFOPLIST_KEY_UIApplicationSceneManifest_Generation = YES;
				INFOPLIST_KEY_UIApplicationSupportsIndirectInputEvents = YES;
				INFOPLIST_KEY_UILaunchScreen_Generation = YES;
				INFOPLIST_KEY_UISupportedInterfaceOrientations_iPad = "UIInterfaceOrientationPortrait UIInterfaceOrientationPortraitUpsideDown UIInterfaceOrientationLandscapeLeft UIInterfaceOrientationLandscapeRight";
				INFOPLIST_KEY_UISupportedInterfaceOrientations_iPhone = "UIInterfaceOrientationPortrait UIInterfaceOrientationLandscapeLeft UIInterfaceOrientationLandscapeRight";
				LD_RUNPATH_SEARCH_PATHS = (
					"$(inherited)",
					"@executable_path/Frameworks",
				);
				MARKETING_VERSION = 1.0;
				PRODUCT_BUNDLE_IDENTIFIER = "com.sepoysoftware.Georgia-Child-Support-Calculator";
				PRODUCT_NAME = "$(TARGET_NAME)";
				STRING_CATALOG_GENERATE_SYMBOLS = YES;
				SWIFT_APPROACHABLE_CONCURRENCY = YES;
				SWIFT_DEFAULT_ACTOR_ISOLATION = MainActor;
				SWIFT_EMIT_LOC_STRINGS = YES;
				SWIFT_UPCOMING_FEATURE_MEMBER_IMPORT_VISIBILITY = YES;
				SWIFT_VERSION = 5.0;
				TARGETED_DEVICE_FAMILY = "1,2";
			};
			name = Release;
		};
		893ADE6C2F9EDA2D00C7B13C /* Debug */ = {
			isa = XCBuildConfiguration;
			buildSettings = {
				BUNDLE_LOADER = "$(TEST_HOST)";
				CODE_SIGN_STYLE = Automatic;
				CURRENT_PROJECT_VERSION = 1;
				DEVELOPMENT_TEAM = 9J9T6457HV;
				GENERATE_INFOPLIST_FILE = YES;
				IPHONEOS_DEPLOYMENT_TARGET = 26.4;
				MARKETING_VERSION = 1.0;
				PRODUCT_BUNDLE_IDENTIFIER = "com.sepoysoftware.Georgia-Child-Support-CalculatorTests";
				PRODUCT_NAME = "$(TARGET_NAME)";
				STRING_CATALOG_GENERATE_SYMBOLS = NO;
				SWIFT_APPROACHABLE_CONCURRENCY = YES;
				SWIFT_EMIT_LOC_STRINGS = NO;
				SWIFT_UPCOMING_FEATURE_MEMBER_IMPORT_VISIBILITY = YES;
				SWIFT_VERSION = 5.0;
				TARGETED_DEVICE_FAMILY = "1,2";
				TEST_HOST = "$(BUILT_PRODUCTS_DIR)/Georgia Child Support Calculator.app/$(BUNDLE_EXECUTABLE_FOLDER_PATH)/Georgia Child Support Calculator";
			};
			name = Debug;
		};
		893ADE6D2F9EDA2D00C7B13C /* Release */ = {
			isa = XCBuildConfiguration;
			buildSettings = {
				BUNDLE_LOADER = "$(TEST_HOST)";
				CODE_SIGN_STYLE = Automatic;
				CURRENT_PROJECT_VERSION = 1;
				DEVELOPMENT_TEAM = 9J9T6457HV;
				GENERATE_INFOPLIST_FILE = YES;
				IPHONEOS_DEPLOYMENT_TARGET = 26.4;
				MARKETING_VERSION = 1.0;
				PRODUCT_BUNDLE_IDENTIFIER = "com.sepoysoftware.Georgia-Child-Support-CalculatorTests";
				PRODUCT_NAME = "$(TARGET_NAME)";
				STRING_CATALOG_GENERATE_SYMBOLS = NO;
				SWIFT_APPROACHABLE_CONCURRENCY = YES;
				SWIFT_EMIT_LOC_STRINGS = NO;
				SWIFT_UPCOMING_FEATURE_MEMBER_IMPORT_VISIBILITY = YES;
				SWIFT_VERSION = 5.0;
				TARGETED_DEVICE_FAMILY = "1,2";
				TEST_HOST = "$(BUILT_PRODUCTS_DIR)/Georgia Child Support Calculator.app/$(BUNDLE_EXECUTABLE_FOLDER_PATH)/Georgia Child Support Calculator";
			};
			name = Release;
		};
		893ADE6F2F9EDA2D00C7B13C /* Debug */ = {
			isa = XCBuildConfiguration;
			buildSettings = {
				CODE_SIGN_STYLE = Automatic;
				CURRENT_PROJECT_VERSION = 1;
				DEVELOPMENT_TEAM = 9J9T6457HV;
				GENERATE_INFOPLIST_FILE = YES;
				MARKETING_VERSION = 1.0;
				PRODUCT_BUNDLE_IDENTIFIER = "com.sepoysoftware.Georgia-Child-Support-CalculatorUITests";
				PRODUCT_NAME = "$(TARGET_NAME)";
				STRING_CATALOG_GENERATE_SYMBOLS = NO;
				SWIFT_APPROACHABLE_CONCURRENCY = YES;
				SWIFT_EMIT_LOC_STRINGS = NO;
				SWIFT_UPCOMING_FEATURE_MEMBER_IMPORT_VISIBILITY = YES;
				SWIFT_VERSION = 5.0;
				TARGETED_DEVICE_FAMILY = "1,2";
				TEST_TARGET_NAME = "Georgia Child Support Calculator";
			};
			name = Debug;
		};
		893ADE702F9EDA2D00C7B13C /* Release */ = {
			isa = XCBuildConfiguration;
			buildSettings = {
				CODE_SIGN_STYLE = Automatic;
				CURRENT_PROJECT_VERSION = 1;
				DEVELOPMENT_TEAM = 9J9T6457HV;
				GENERATE_INFOPLIST_FILE = YES;
				MARKETING_VERSION = 1.0;
				PRODUCT_BUNDLE_IDENTIFIER = "com.sepoysoftware.Georgia-Child-Support-CalculatorUITests";
				PRODUCT_NAME = "$(TARGET_NAME)";
				STRING_CATALOG_GENERATE_SYMBOLS = NO;
				SWIFT_APPROACHABLE_CONCURRENCY = YES;
				SWIFT_EMIT_LOC_STRINGS = NO;
				SWIFT_UPCOMING_FEATURE_MEMBER_IMPORT_VISIBILITY = YES;
				SWIFT_VERSION = 5.0;
				TARGETED_DEVICE_FAMILY = "1,2";
				TEST_TARGET_NAME = "Georgia Child Support Calculator";
			};
			name = Release;
		};
/* End XCBuildConfiguration section */

/* Begin XCConfigurationList section */
		893ADE402F9EDA2C00C7B13C /* Build configuration list for PBXProject "Georgia Child Support Calculator" */ = {
			isa = XCConfigurationList;
			buildConfigurations = (
				893ADE662F9EDA2D00C7B13C /* Debug */,
				893ADE672F9EDA2D00C7B13C /* Release */,
			);
			defaultConfigurationIsVisible = 0;
			defaultConfigurationName = Release;
		};
		893ADE682F9EDA2D00C7B13C /* Build configuration list for PBXNativeTarget "Georgia Child Support Calculator" */ = {
			isa = XCConfigurationList;
			buildConfigurations = (
				893ADE692F9EDA2D00C7B13C /* Debug */,
				893ADE6A2F9EDA2D00C7B13C /* Release */,
			);
			defaultConfigurationIsVisible = 0;
			defaultConfigurationName = Release;
		};
		893ADE6B2F9EDA2D00C7B13C /* Build configuration list for PBXNativeTarget "Georgia Child Support CalculatorTests" */ = {
			isa = XCConfigurationList;
			buildConfigurations = (
				893ADE6C2F9EDA2D00C7B13C /* Debug */,
				893ADE6D2F9EDA2D00C7B13C /* Release */,
			);
			defaultConfigurationIsVisible = 0;
			defaultConfigurationName = Release;
		};
		893ADE6E2F9EDA2D00C7B13C /* Build configuration list for PBXNativeTarget "Georgia Child Support CalculatorUITests" */ = {
			isa = XCConfigurationList;
			buildConfigurations = (
				893ADE6F2F9EDA2D00C7B13C /* Debug */,
				893ADE702F9EDA2D00C7B13C /* Release */,
			);
			defaultConfigurationIsVisible = 0;
			defaultConfigurationName = Release;
		};
/* End XCConfigurationList section */
	};
	rootObject = 893ADE3D2F9EDA2C00C7B13C /* Project object */;
}
